// !$*UTF8*$!
{
	archiveVersion = 1;
	classes = {
	};
	objectVersion = 50;
	objects = {

/* Begin PBXBuildFile section */
		DAAD7CEB25B86EFB00BAD51B /* AppDelegate.swift in Sources */ = {isa = PBXBuildFile; fileRef = DAAD7CEA25B86EFB00BAD51B /* AppDelegate.swift */; };
		DAAD7CED25B86EFB00BAD51B /* SceneDelegate.swift in Sources */ = {isa = PBXBuildFile; fileRef = DAAD7CEC25B86EFB00BAD51B /* SceneDelegate.swift */; };
		DAAD7CEF25B86EFB00BAD51B /* ContentView.swift in Sources */ = {isa = PBXBuildFile; fileRef = DAAD7CEE25B86EFB00BAD51B /* ContentView.swift */; };
		DAAD7CF225B86EFB00BAD51B /* TodoGpsSaveLocal_doz_12.xcdatamodeld in Sources */ = {isa = PBXBuildFile; fileRef = DAAD7CF025B86EFB00BAD51B /* TodoGpsSaveLocal_doz_12.xcdatamodeld */; };
		DAAD7CF425B86EFC00BAD51B /* Assets.xcassets in Resources */ = {isa = PBXBuildFile; fileRef = DAAD7CF325B86EFC00BAD51B /* Assets.xcassets */; };
		DAAD7CF725B86EFC00BAD51B /* Preview Assets.xcassets in Resources */ = {isa = PBXBuildFile; fileRef = DAAD7CF625B86EFC00BAD51B /* Preview Assets.xcassets */; };
		DAAD7CFA25B86EFC00BAD51B /* LaunchScreen.storyboard in Resources */ = {isa = PBXBuildFile; fileRef = DAAD7CF825B86EFC00BAD51B /* LaunchScreen.storyboard */; };
		DAAD7D0325B86FD300BAD51B /* ListView.swift in Sources */ = {isa = PBXBuildFile; fileRef = DAAD7D0225B86FD300BAD51B /* ListView.swift */; };
/* End PBXBuildFile section */

/* Begin PBXFileReference section */
		DAAD7CE725B86EFB00BAD51B /* TodoGpsSaveLocal_doz_12.app */ = {isa = PBXFileReference; explicitFileType = wrapper.application; includeInIndex = 0; path = TodoGpsSaveLocal_doz_12.app; sourceTree = BUILT_PRODUCTS_DIR; };
		DAAD7CEA25B86EFB00BAD51B /* AppDelegate.swift */ = {isa = PBXFileReference; lastKnownFileType = sourcecode.swift; path = AppDelegate.swift; sourceTree = "<group>"; };
		DAAD7CEC25B86EFB00BAD51B /* SceneDelegate.swift */ = {isa = PBXFileReference; lastKnownFileType = sourcecode.swift; path = SceneDelegate.swift; sourceTree = "<group>"; };
		DAAD7CEE25B86EFB00BAD51B /* ContentView.swift */ = {isa = PBXFileReference; lastKnownFileType = sourcecode.swift; path = ContentView.swift; sourceTree = "<group>"; };
		DAAD7CF125B86EFB00BAD51B /* TodoGpsSaveLocal_doz_12.xcdatamodel */ = {isa = PBXFileReference; lastKnownFileType = wrapper.xcdatamodel; path = TodoGpsSaveLocal_doz_12.xcdatamodel; sourceTree = "<group>"; };
		DAAD7CF325B86EFC00BAD51B /* Assets.xcassets */ = {isa = PBXFileReference; lastKnownFileType = folder.assetcatalog; path = Assets.xcassets; sourceTree = "<group>"; };
		DAAD7CF625B86EFC00BAD51B /* Preview Assets.xcassets */ = {isa = PBXFileReference; lastKnownFileType = folder.assetcatalog; path = "Preview Assets.xcassets"; sourceTree = "<group>"; };
		DAAD7CF925B86EFC00BAD51B /* Base */ = {isa = PBXFileReference; lastKnownFileType = file.storyboard; name = Base; path = Base.lproj/LaunchScreen.storyboard; sourceTree = "<group>"; };
		DAAD7CFB25B86EFC00BAD51B /* Info.plist */ = {isa = PBXFileReference; lastKnownFileType = text.plist.xml; path = Info.plist; sourceTree = "<group>"; };
		DAAD7D0225B86FD300BAD51B /* ListView.swift */ = {isa = PBXFileReference; lastKnownFileType = sourcecode.swift; path = ListView.swift; sourceTree = "<group>"; };
/* End PBXFileReference section */

/* Begin PBXFrameworksBuildPhase section */
		DAAD7CE425B86EFB00BAD51B /* Frameworks */ = {
			isa = PBXFrameworksBuildPhase;
			buildActionMask = 2147483647;
			files = (
			);
			runOnlyForDeploymentPostprocessing = 0;
		};
/* End PBXFrameworksBuildPhase section */

/* Begin PBXGroup section */
		DAAD7CDE25B86EFB00BAD51B = {
			isa = PBXGroup;
			children = (
				DAAD7CE925B86EFB00BAD51B /* TodoGpsSaveLocal_doz_12 */,
				DAAD7CE825B86EFB00BAD51B /* Products */,
			);
			sourceTree = "<group>";
		};
		DAAD7CE825B86EFB00BAD51B /* Products */ = {
			isa = PBXGroup;
			children = (
				DAAD7CE725B86EFB00BAD51B /* TodoGpsSaveLocal_doz_12.app */,
			);
			name = Products;
			sourceTree = "<group>";
		};
		DAAD7CE925B86EFB00BAD51B /* TodoGpsSaveLocal_doz_12 */ = {
			isa = PBXGroup;
			children = (
				DAAD7CEA25B86EFB00BAD51B /* AppDelegate.swift */,
				DAAD7CEC25B86EFB00BAD51B /* SceneDelegate.swift */,
				DAAD7CEE25B86EFB00BAD51B /* ContentView.swift */,
				DAAD7CF325B86EFC00BAD51B /* Assets.xcassets */,
				DAAD7CF825B86EFC00BAD51B /* LaunchScreen.storyboard */,
				DAAD7CFB25B86EFC00BAD51B /* Info.plist */,
				DAAD7CF025B86EFB00BAD51B /* TodoGpsSaveLocal_doz_12.xcdatamodeld */,
				DAAD7CF525B86EFC00BAD51B /* Preview Content */,
				DAAD7D0225B86FD300BAD51B /* ListView.swift */,
			);
			path = TodoGpsSaveLocal_doz_12;
			sourceTree = "<group>";
		};
		DAAD7CF525B86EFC00BAD51B /* Preview Content */ = {
			isa = PBXGroup;
			children = (
				DAAD7CF625B86EFC00BAD51B /* Preview Assets.xcassets */,
			);
			path = "Preview Content";
			sourceTree = "<group>";
		};
/* End PBXGroup section */

/* Begin PBXNativeTarget section */
		DAAD7CE625B86EFB00BAD51B /* TodoGpsSaveLocal_doz_12 */ = {
			isa = PBXNativeTarget;
			buildConfigurationList = DAAD7CFE25B86EFC00BAD51B /* Build configuration list for PBXNativeTarget "TodoGpsSaveLocal_doz_12" */;
			buildPhases = (
				DAAD7CE325B86EFB00BAD51B /* Sources */,
				DAAD7CE425B86EFB00BAD51B /* Frameworks */,
				DAAD7CE525B86EFB00BAD51B /* Resources */,
			);
			buildRules = (
			);
			dependencies = (
			);
			name = TodoGpsSaveLocal_doz_12;
			productName = TodoGpsSaveLocal_doz_12;
			productReference = DAAD7CE725B86EFB00BAD51B /* TodoGpsSaveLocal_doz_12.app */;
			productType = "com.apple.product-type.application";
		};
/* End PBXNativeTarget section */

/* Begin PBXProject section */
		DAAD7CDF25B86EFB00BAD51B /* Project object */ = {
			isa = PBXProject;
			attributes = {
				LastSwiftUpdateCheck = 1230;
				LastUpgradeCheck = 1230;
				TargetAttributes = {
					DAAD7CE625B86EFB00BAD51B = {
						CreatedOnToolsVersion = 12.3;
					};
				};
			};
			buildConfigurationList = DAAD7CE225B86EFB00BAD51B /* Build configuration list for PBXProject "TodoGpsSaveLocal_doz_12" */;
			compatibilityVersion = "Xcode 9.3";
			developmentRegion = en;
			hasScannedForEncodings = 0;
			knownRegions = (
				en,
				Base,
			);
			mainGroup = DAAD7CDE25B86EFB00BAD51B;
			productRefGroup = DAAD7CE825B86EFB00BAD51B /* Products */;
			projectDirPath = "";
			projectRoot = "";
			targets = (
				DAAD7CE625B86EFB00BAD51B /* TodoGpsSaveLocal_doz_12 */,
			);
		};
/* End PBXProject section */

/* Begin PBXResourcesBuildPhase section */
		DAAD7CE525B86EFB00BAD51B /* Resources */ = {
			isa = PBXResourcesBuildPhase;
			buildActionMask = 2147483647;
			files = (
				DAAD7CFA25B86EFC00BAD51B /* LaunchScreen.storyboard in Resources */,
				DAAD7CF725B86EFC00BAD51B /* Preview Assets.xcassets in Resources */,
				DAAD7CF425B86EFC00BAD51B /* Assets.xcassets in Resources */,
			);
			runOnlyForDeploymentPostprocessing = 0;
		};
/* End PBXResourcesBuildPhase section */

/* Begin PBXSourcesBuildPhase section */
		DAAD7CE325B86EFB00BAD51B /* Sources */ = {
			isa = PBXSourcesBuildPhase;
			buildActionMask = 2147483647;
			files = (
				DAAD7CF225B86EFB00BAD51B /* TodoGpsSaveLocal_doz_12.xcdatamodeld in Sources */,
				DAAD7CEB25B86EFB00BAD51B /* AppDelegate.swift in Sources */,
				DAAD7D0325B86FD300BAD51B /* ListView.swift in Sources */,
				DAAD7CED25B86EFB00BAD51B /* SceneDelegate.swift in Sources */,
				DAAD7CEF25B86EFB00BAD51B /* ContentView.swift in Sources */,
			);
			runOnlyForDeploymentPostprocessing = 0;
		};
/* End PBXSourcesBuildPhase section */

/* Begin PBXVariantGroup section */
		DAAD7CF825B86EFC00BAD51B /* LaunchScreen.storyboard */ = {
			isa = PBXVariantGroup;
			children = (
				DAAD7CF925B86EFC00BAD51B /* Base */,
			);
			name = LaunchScreen.storyboard;
			sourceTree = "<group>";
		};
/* End PBXVariantGroup section */

/* Begin XCBuildConfiguration section */
		DAAD7CFC25B86EFC00BAD51B /* Debug */ = {
			isa = XCBuildConfiguration;
			buildSettings = {
				ALWAYS_SEARCH_USER_PATHS = NO;
				CLANG_ANALYZER_NONNULL = YES;
				CLANG_ANALYZER_NUMBER_OBJECT_CONVERSION = YES_AGGRESSIVE;
				CLANG_CXX_LANGUAGE_STANDARD = "gnu++14";
				CLANG_CXX_LIBRARY = "libc++";
				CLANG_ENABLE_MODULES = YES;
				CLANG_ENABLE_OBJC_ARC = YES;
				CLANG_ENABLE_OBJC_WEAK = YES;
				CLANG_WARN_BLOCK_CAPTURE_AUTORELEASING = YES;
				CLANG_WARN_BOOL_CONVERSION = YES;
				CLANG_WARN_COMMA = YES;
				CLANG_WARN_CONSTANT_CONVERSION = YES;
				CLANG_WARN_DEPRECATED_OBJC_IMPLEMENTATIONS = YES;
				CLANG_WARN_DIRECT_OBJC_ISA_USAGE = YES_ERROR;
				CLANG_WARN_DOCUMENTATION_COMMENTS = YES;
				CLANG_WARN_EMPTY_BODY = YES;
				CLANG_WARN_ENUM_CONVERSION = YES;
				CLANG_WARN_INFINITE_RECURSION = YES;
				CLANG_WARN_INT_CONVERSION = YES;
				CLANG_WARN_NON_LITERAL_NULL_CONVERSION = YES;
				CLANG_WARN_OBJC_IMPLICIT_RETAIN_SELF = YES;
				CLANG_WARN_OBJC_LITERAL_CONVERSION = YES;
				CLANG_WARN_OBJC_ROOT_CLASS = YES_ERROR;
				CLANG_WARN_QUOTED_INCLUDE_IN_FRAMEWORK_HEADER = YES;
				CLANG_WARN_RANGE_LOOP_ANALYSIS = YES;
				CLANG_WARN_STRICT_PROTOTYPES = YES;
				CLANG_WARN_SUSPICIOUS_MOVE = YES;
				CLANG_WARN_UNGUARDED_AVAILABILITY = YES_AGGRESSIVE;
				CLANG_WARN_UNREACHABLE_CODE = YES;
				CLANG_WARN__DUPLICATE_METHOD_MATCH = YES;
				COPY_PHASE_STRIP = NO;
				DEBUG_INFORMATION_FORMAT = dwarf;
				ENABLE_STRICT_OBJC_MSGSEND = YES;
				ENABLE_TESTABILITY = YES;
				GCC_C_LANGUAGE_STANDARD = gnu11;
				GCC_DYNAMIC_NO_PIC = NO;
				GCC_NO_COMMON_BLOCKS = YES;
				GCC_OPTIMIZATION_LEVEL = 0;
				GCC_PREPROCESSOR_DEFINITIONS = (
					"DEBUG=1",
					"$(inherited)",
				);
				GCC_WARN_64_TO_32_BIT_CONVERSION = YES;
				GCC_WARN_ABOUT_RETURN_TYPE = YES_ERROR;
				GCC_WARN_UNDECLARED_SELECTOR = YES;
				GCC_WARN_UNINITIALIZED_AUTOS = YES_AGGRESSIVE;
				GCC_WARN_UNUSED_FUNCTION = YES;
				GCC_WARN_UNUSED_VARIABLE = YES;
				IPHONEOS_DEPLOYMENT_TARGET = 14.3;
				MTL_ENABLE_DEBUG_INFO = INCLUDE_SOURCE;
				MTL_FAST_MATH = YES;
				ONLY_ACTIVE_ARCH = YES;
				SDKROOT = iphoneos;
				SWIFT_ACTIVE_COMPILATION_CONDITIONS = DEBUG;
				SWIFT_OPTIMIZATION_LEVEL = "-Onone";
			};
			name = Debug;
		};
		DAAD7CFD25B86EFC00BAD51B /* Release */ = {
			isa = XCBuildConfiguration;
			buildSettings = {
				ALWAYS_SEARCH_USER_PATHS = NO;
				CLANG_ANALYZER_NONNULL = YES;
				CLANG_ANALYZER_NUMBER_OBJECT_CONVERSION = YES_AGGRESSIVE;
				CLANG_CXX_LANGUAGE_STANDARD = "gnu++14";
				CLANG_CXX_LIBRARY = "libc++";
				CLANG_ENABLE_MODULES = YES;
				CLANG_ENABLE_OBJC_ARC = YES;
				CLANG_ENABLE_OBJC_WEAK = YES;
				CLANG_WARN_BLOCK_CAPTURE_AUTORELEASING = YES;
				CLANG_WARN_BOOL_CONVERSION = YES;
				CLANG_WARN_COMMA = YES;
				CLANG_WARN_CONSTANT_CONVERSION = YES;
				CLANG_WARN_DEPRECATED_OBJC_IMPLEMENTATIONS = YES;
				CLANG_WARN_DIRECT_OBJC_ISA_USAGE = YES_ERROR;
				CLANG_WARN_DOCUMENTATION_COMMENTS = YES;
				CLANG_WARN_EMPTY_BODY = YES;
				CLANG_WARN_ENUM_CONVERSION = YES;
				CLANG_WARN_INFINITE_RECURSION = YES;
				CLANG_WARN_INT_CONVERSION = YES;
				CLANG_WARN_NON_LITERAL_NULL_CONVERSION = YES;
				CLANG_WARN_OBJC_IMPLICIT_RETAIN_SELF = YES;
				CLANG_WARN_OBJC_LITERAL_CONVERSION = YES;
				CLANG_WARN_OBJC_ROOT_CLASS = YES_ERROR;
				CLANG_WARN_QUOTED_INCLUDE_IN_FRAMEWORK_HEADER = YES;
				CLANG_WARN_RANGE_LOOP_ANALYSIS = YES;
				CLANG_WARN_STRICT_PROTOTYPES = YES;
				CLANG_WARN_SUSPICIOUS_MOVE = YES;
				CLANG_WARN_UNGUARDED_AVAILABILITY = YES_AGGRESSIVE;
				CLANG_WARN_UNREACHABLE_CODE = YES;
				CLANG_WARN__DUPLICATE_METHOD_MATCH = YES;
				COPY_PHASE_STRIP = NO;
				DEBUG_INFORMATION_FORMAT = "dwarf-with-dsym";
				ENABLE_NS_ASSERTIONS = NO;
				ENABLE_STRICT_OBJC_MSGSEND = YES;
				GCC_C_LANGUAGE_STANDARD = gnu11;
				GCC_NO_COMMON_BLOCKS = YES;
				GCC_WARN_64_TO_32_BIT_CONVERSION = YES;
				GCC_WARN_ABOUT_RETURN_TYPE = YES_ERROR;
				GCC_WARN_UNDECLARED_SELECTOR = YES;
				GCC_WARN_UNINITIALIZED_AUTOS = YES_AGGRESSIVE;
				GCC_WARN_UNUSED_FUNCTION = YES;
				GCC_WARN_UNUSED_VARIABLE = YES;
				IPHONEOS_DEPLOYMENT_TARGET = 14.3;
				MTL_ENABLE_DEBUG_INFO = NO;
				MTL_FAST_MATH = YES;
				SDKROOT = iphoneos;
				SWIFT_COMPILATION_MODE = wholemodule;
				SWIFT_OPTIMIZATION_LEVEL = "-O";
				VALIDATE_PRODUCT = YES;
			};
			name = Release;
		};
		DAAD7CFF25B86EFC00BAD51B /* Debug */ = {
			isa = XCBuildConfiguration;
			buildSettings = {
				ASSETCATALOG_COMPILER_APPICON_NAME = AppIcon;
				ASSETCATALOG_COMPILER_GLOBAL_ACCENT_COLOR_NAME = AccentColor;
				CODE_SIGN_STYLE = Automatic;
				DEVELOPMENT_ASSET_PATHS = "\"TodoGpsSaveLocal_doz_12/Preview Content\"";
				DEVELOPMENT_TEAM = 2BKJ7S8V88;
				ENABLE_PREVIEWS = YES;
				INFOPLIST_FILE = TodoGpsSaveLocal_doz_12/Info.plist;
				LD_RUNPATH_SEARCH_PATHS = (
					"$(inherited)",
					"@executable_path/Frameworks",
				);
				PRODUCT_BUNDLE_IDENTIFIER = "de.lofi.ios.TodoGpsSaveLocal-doz-12";
				PRODUCT_NAME = "$(TARGET_NAME)";
				SWIFT_VERSION = 5.0;
				TARGETED_DEVICE_FAMILY = "1,2";
			};
			name = Debug;
		};
		DAAD7D0025B86EFC00BAD51B /* Release */ = {
			isa = XCBuildConfiguration;
			buildSettings = {
				ASSETCATALOG_COMPILER_APPICON_NAME = AppIcon;
				ASSETCATALOG_COMPILER_GLOBAL_ACCENT_COLOR_NAME = AccentColor;
				CODE_SIGN_STYLE = Automatic;
				DEVELOPMENT_ASSET_PATHS = "\"TodoGpsSaveLocal_doz_12/Preview Content\"";
				DEVELOPMENT_TEAM = 2BKJ7S8V88;
				ENABLE_PREVIEWS = YES;
				INFOPLIST_FILE = TodoGpsSaveLocal_doz_12/Info.plist;
				LD_RUNPATH_SEARCH_PATHS = (
					"$(inherited)",
					"@executable_path/Frameworks",
				);
				PRODUCT_BUNDLE_IDENTIFIER = "de.lofi.ios.TodoGpsSaveLocal-doz-12";
				PRODUCT_NAME = "$(TARGET_NAME)";
				SWIFT_VERSION = 5.0;
				TARGETED_DEVICE_FAMILY = "1,2";
			};
			name = Release;
		};
/* End XCBuildConfiguration section */

/* Begin XCConfigurationList section */
		DAAD7CE225B86EFB00BAD51B /* Build configuration list for PBXProject "TodoGpsSaveLocal_doz_12" */ = {
			isa = XCConfigurationList;
			buildConfigurations = (
				DAAD7CFC25B86EFC00BAD51B /* Debug */,
				DAAD7CFD25B86EFC00BAD51B /* Release */,
			);
			defaultConfigurationIsVisible = 0;
			defaultConfigurationName = Release;
		};
		DAAD7CFE25B86EFC00BAD51B /* Build configuration list for PBXNativeTarget "TodoGpsSaveLocal_doz_12" */ = {
			isa = XCConfigurationList;
			buildConfigurations = (
				DAAD7CFF25B86EFC00BAD51B /* Debug */,
				DAAD7D0025B86EFC00BAD51B /* Release */,
			);
			defaultConfigurationIsVisible = 0;
			defaultConfigurationName = Release;
		};
/* End XCConfigurationList section */

/* Begin XCVersionGroup section */
		DAAD7CF025B86EFB00BAD51B /* TodoGpsSaveLocal_doz_12.xcdatamodeld */ = {
			isa = XCVersionGroup;
			children = (
				DAAD7CF125B86EFB00BAD51B /* TodoGpsSaveLocal_doz_12.xcdatamodel */,
			);
			currentVersion = DAAD7CF125B86EFB00BAD51B /* TodoGpsSaveLocal_doz_12.xcdatamodel */;
			path = TodoGpsSaveLocal_doz_12.xcdatamodeld;
			sourceTree = "<group>";
			versionGroupType = wrapper.xcdatamodel;
		};
/* End XCVersionGroup section */
	};
	rootObject = DAAD7CDF25B86EFB00BAD51B /* Project object */;
}
